
Microsoft Visual Studio Solution File, Format Version 12.00
# Visual Studio Version 16
VisualStudioVersion = 16.0.31702.278
MinimumVisualStudioVersion = 10.0.40219.1
Project("{FAE04EC0-301F-11D3-BF4B-00C04F79EFBC}") = "AccountAssignment 2", "AccountAssignment 2\AccountAssignment 2.csproj", "{C3C56DF0-D611-4A69-94EB-37736EB2995D}"
EndProject
Global
	GlobalSection(SolutionConfigurationPlatforms) = preSolution
		Debug|Any CPU = Debug|Any CPU
		Release|Any CPU = Release|Any CPU
	EndGlobalSection
	GlobalSection(ProjectConfigurationPlatforms) = postSolution
		{C3C56DF0-D611-4A69-94EB-37736EB2995D}.Debug|Any CPU.ActiveCfg = Debug|Any CPU
		{C3C56DF0-D611-4A69-94EB-37736EB2995D}.Debug|Any CPU.Build.0 = Debug|Any CPU
		{C3C56DF0-D611-4A69-94EB-37736EB2995D}.Release|Any CPU.ActiveCfg = Release|Any CPU
		{C3C56DF0-D611-4A69-94EB-37736EB2995D}.Release|Any CPU.Build.0 = Release|Any CPU
	EndGlobalSection
	GlobalSection(SolutionProperties) = preSolution
		HideSolutionNode = FALSE
	EndGlobalSection
	GlobalSection(ExtensibilityGlobals) = postSolution
		SolutionGuid = {00BC68D5-A5BC-4BEF-B049-5E84A0F7FB1F}
	EndGlobalSection
EndGlobal
